Microsoft Visual Studio Solution File, Format Version 12.00
# Visual Studio Version 17
VisualStudioVersion = 17.5.2.0
MinimumVisualStudioVersion = 10.0.40219.1
Project("{2150E333-8FDC-42A3-9474-1A3956D46DE8}") = "backend", "backend", "{1AE8ACA6-933B-BF2A-3671-3E2EAC007D16}"
EndProject
Project("{2150E333-8FDC-42A3-9474-1A3956D46DE8}") = "external", "external", "{AD87A253-43E2-AAC9-1B7F-F9886CA7F233}"
EndProject
Project("{2150E333-8FDC-42A3-9474-1A3956D46DE8}") = "booking-service", "booking-service", "{944136B1-D1D4-38A0-6B54-B62B7B33FE5F}"
EndProject
Project("{2150E333-8FDC-42A3-9474-1A3956D46DE8}") = "src", "src", "{BEA1B544-6196-2AA8-A088-9F69A5C9F74A}"
EndProject
Project("{FAE04EC0-301F-11D3-BF4B-00C04F79EFBC}") = "BookingService.Api", "backend\external\booking-service\src\BookingService.Api\BookingService.Api.csproj", "{BC17871D-61F9-2EE4-AB0B-CC49F7B3E230}"
EndProject
Project("{FAE04EC0-301F-11D3-BF4B-00C04F79EFBC}") = "BookingService.Application", "backend\external\booking-service\src\BookingService.Application\BookingService.Application.csproj", "{D044824E-F093-4EF1-74F5-8A21A26462C2}"
EndProject
Project("{FAE04EC0-301F-11D3-BF4B-00C04F79EFBC}") = "BookingService.Domain", "backend\external\booking-service\src\BookingService.Domain\BookingService.Domain.csproj", "{32AE7C83-A8CE-7076-C0C7-5CEFA8995A58}"
EndProject
Project("{FAE04EC0-301F-11D3-BF4B-00C04F79EFBC}") = "BookingService.Infrastructure", "backend\external\booking-service\src\BookingService.Infrastructure\BookingService.Infrastructure.csproj", "{BDCB7068-E726-3E48-1C58-EB17F9783FB0}"
EndProject
Project("{2150E333-8FDC-42A3-9474-1A3956D46DE8}") = "car-service", "car-service", "{CAF1FDEA-2F5F-346D-73A3-55A54A5D1929}"
EndProject
Project("{2150E333-8FDC-42A3-9474-1A3956D46DE8}") = "src", "src", "{2C5FC38E-BC5C-4758-4A71-E9A058E74E70}"
EndProject
Project("{FAE04EC0-301F-11D3-BF4B-00C04F79EFBC}") = "CarService.Api", "backend\external\car-service\src\CarService.Api\CarService.Api.csproj", "{293B155A-AB02-74BD-3386-A256527F677F}"
EndProject
Project("{FAE04EC0-301F-11D3-BF4B-00C04F79EFBC}") = "CarService.Application", "backend\external\car-service\src\CarService.Application\CarService.Application.csproj", "{D7DD0D06-0333-8014-6038-D550CE37207D}"
EndProject
Project("{FAE04EC0-301F-11D3-BF4B-00C04F79EFBC}") = "CarService.Domain", "backend\external\car-service\src\CarService.Domain\CarService.Domain.csproj", "{41771AB9-4E49-D152-7C42-ACC260AA97F2}"
EndProject
Project("{FAE04EC0-301F-11D3-BF4B-00C04F79EFBC}") = "CarService.Infrastructure", "backend\external\car-service\src\CarService.Infrastructure\CarService.Infrastructure.csproj", "{49FC3909-6435-0DF9-63E4-7A2812B8ABDF}"
EndProject
Project("{2150E333-8FDC-42A3-9474-1A3956D46DE8}") = "client-service", "client-service", "{50AB72C3-F67C-DE62-D8D0-DF2A2A20B828}"
EndProject
Project("{2150E333-8FDC-42A3-9474-1A3956D46DE8}") = "src", "src", "{E9D3AFCD-CD49-13FA-EAC2-0097CA64F9B1}"
EndProject
Project("{FAE04EC0-301F-11D3-BF4B-00C04F79EFBC}") = "ClientService.Api", "backend\external\client-service\src\ClientService.Api\ClientService.Api.csproj", "{F86DB4CF-7883-759E-6052-D90BB82217C6}"
EndProject
Project("{FAE04EC0-301F-11D3-BF4B-00C04F79EFBC}") = "ClientService.Application", "backend\external\client-service\src\ClientService.Application\ClientService.Application.csproj", "{96BE035B-F0FD-2CFF-DA78-29F97FA4CEBB}"
EndProject
Project("{FAE04EC0-301F-11D3-BF4B-00C04F79EFBC}") = "ClientService.Domain", "backend\external\client-service\src\ClientService.Domain\ClientService.Domain.csproj", "{5D95049E-5845-5073-B980-A4199F471E6A}"
EndProject
Project("{FAE04EC0-301F-11D3-BF4B-00C04F79EFBC}") = "ClientService.Infrastructure", "backend\external\client-service\src\ClientService.Infrastructure\ClientService.Infrastructure.csproj", "{1EF9BA46-123A-6997-63A0-FA933E8BD7F9}"
EndProject
Project("{2150E333-8FDC-42A3-9474-1A3956D46DE8}") = "internal", "internal", "{DA5996C4-A670-5879-F0D2-40277D2BAA8D}"
EndProject
Project("{2150E333-8FDC-42A3-9474-1A3956D46DE8}") = "partner-service", "partner-service", "{E2D8F0CB-FAEE-4BA5-8CEA-2BC0E878BF09}"
EndProject
Project("{2150E333-8FDC-42A3-9474-1A3956D46DE8}") = "src", "src", "{F1DF4DC3-9750-B496-29ED-81295EA5C200}"
EndProject
Project("{FAE04EC0-301F-11D3-BF4B-00C04F79EFBC}") = "PartnerService.Api", "backend\internal\partner-service\src\PartnerService.Api\PartnerService.Api.csproj", "{FE302E35-D867-8191-BA18-DB1B1E6D9849}"
EndProject
Project("{FAE04EC0-301F-11D3-BF4B-00C04F79EFBC}") = "PartnerService.Application", "backend\internal\partner-service\src\PartnerService.Application\PartnerService.Application.csproj", "{AE58BF06-66D5-D434-0025-EA849FB19C8C}"
EndProject
Project("{FAE04EC0-301F-11D3-BF4B-00C04F79EFBC}") = "PartnerService.Domain", "backend\internal\partner-service\src\PartnerService.Domain\PartnerService.Domain.csproj", "{03151BF1-ECB5-290A-D734-0D1A583D9B2D}"
EndProject
Project("{FAE04EC0-301F-11D3-BF4B-00C04F79EFBC}") = "PartnerService.Infrastructure", "backend\internal\partner-service\src\PartnerService.Infrastructure\PartnerService.Infrastructure.csproj", "{8113FD9B-F954-98FA-863D-8D94AE3ABD84}"
EndProject
Project("{2150E333-8FDC-42A3-9474-1A3956D46DE8}") = "payment-service", "payment-service", "{B8C7B658-52D4-5A93-5298-C53A992B6176}"
EndProject
Project("{2150E333-8FDC-42A3-9474-1A3956D46DE8}") = "src", "src", "{6FC7F1B4-30CD-D588-670E-90CA945BFACE}"
EndProject
Project("{FAE04EC0-301F-11D3-BF4B-00C04F79EFBC}") = "PaymentService.Api", "backend\internal\payment-service\src\PaymentService.Api\PaymentService.Api.csproj", "{82314E51-0C8E-3BE2-D567-082BF5F591CB}"
EndProject
Project("{FAE04EC0-301F-11D3-BF4B-00C04F79EFBC}") = "PaymentService.Application", "backend\internal\payment-service\src\PaymentService.Application\PaymentService.Application.csproj", "{1E4785A6-13EB-6F45-D25E-1745ECBEF40D}"
EndProject
Project("{FAE04EC0-301F-11D3-BF4B-00C04F79EFBC}") = "PaymentService.Domain", "backend\internal\payment-service\src\PaymentService.Domain\PaymentService.Domain.csproj", "{38F5FB28-B6C4-9D7A-EFBC-BC89819890DA}"
EndProject
Project("{FAE04EC0-301F-11D3-BF4B-00C04F79EFBC}") = "PaymentService.Infrastructure", "backend\internal\payment-service\src\PaymentService.Infrastructure\PaymentService.Infrastructure.csproj", "{7CCA90FA-1384-DC70-F0A9-70E4FAADDD18}"
EndProject
Project("{2150E333-8FDC-42A3-9474-1A3956D46DE8}") = "ticket-service", "ticket-service", "{AD83F7D2-D84A-1C04-0378-C066C0204D05}"
EndProject
Project("{2150E333-8FDC-42A3-9474-1A3956D46DE8}") = "src", "src", "{7D7CD340-C107-AA04-CCDF-4F17EF166379}"
EndProject
Project("{FAE04EC0-301F-11D3-BF4B-00C04F79EFBC}") = "TicketService.Api", "backend\internal\ticket-service\src\TicketService.Api\TicketService.Api.csproj", "{4A0B0BD9-06F9-446E-CE04-AFC4ACB6F859}"
EndProject
Project("{FAE04EC0-301F-11D3-BF4B-00C04F79EFBC}") = "TicketService.Application", "backend\internal\ticket-service\src\TicketService.Application\TicketService.Application.csproj", "{0ADB4C1D-C2BF-36B5-CA93-F7A75BF15EE6}"
EndProject
Project("{FAE04EC0-301F-11D3-BF4B-00C04F79EFBC}") = "TicketService.Domain", "backend\internal\ticket-service\src\TicketService.Domain\TicketService.Domain.csproj", "{49BC0D5C-4944-D96C-D310-A5D1B2F68E5E}"
EndProject
Project("{FAE04EC0-301F-11D3-BF4B-00C04F79EFBC}") = "TicketService.Infrastructure", "backend\internal\ticket-service\src\TicketService.Infrastructure\TicketService.Infrastructure.csproj", "{8D4E8D21-7101-3158-B5A0-53A2829824E8}"
EndProject
Project("{2150E333-8FDC-42A3-9474-1A3956D46DE8}") = "libraries", "libraries", "{2D4356F1-204C-B19B-1C87-BE8478EC1E77}"
EndProject
Project("{2150E333-8FDC-42A3-9474-1A3956D46DE8}") = "messaging-dotnet", "messaging-dotnet", "{3C8D102A-A004-53C3-3537-6A424CCF2B93}"
EndProject
Project("{2150E333-8FDC-42A3-9474-1A3956D46DE8}") = "src", "src", "{AFDB0B0F-8A04-E5CB-9D2C-8F427B1A3395}"
EndProject
Project("{FAE04EC0-301F-11D3-BF4B-00C04F79EFBC}") = "AutoRent.Messaging", "backend\libraries\messaging-dotnet\src\AutoRent.Messaging\AutoRent.Messaging.csproj", "{CDE7EE39-F059-3399-B732-1BDC9DB014D8}"
EndProject
Project("{2150E333-8FDC-42A3-9474-1A3956D46DE8}") = "shared", "shared", "{B9B6650B-7025-C9C0-BCFD-BDEDF1640D80}"
EndProject
Project("{2150E333-8FDC-42A3-9474-1A3956D46DE8}") = "identity-service", "identity-service", "{2B9E7DBD-0B06-B42C-D011-856C0D1E3C8B}"
EndProject
Project("{2150E333-8FDC-42A3-9474-1A3956D46DE8}") = "src", "src", "{F56B9572-F418-83F2-B6D4-04C7D8FDE85E}"
EndProject
Project("{FAE04EC0-301F-11D3-BF4B-00C04F79EFBC}") = "IdentityService.Api", "backend\shared\identity-service\src\IdentityService.Api\IdentityService.Api.csproj", "{FF3FDE72-A1A4-DD5C-F8A1-CB0DE914886B}"
EndProject
Project("{FAE04EC0-301F-11D3-BF4B-00C04F79EFBC}") = "IdentityService.Application", "backend\shared\identity-service\src\IdentityService.Application\IdentityService.Application.csproj", "{E6A88433-9037-3A87-F4BA-3ADA44521ED4}"
EndProject
Project("{FAE04EC0-301F-11D3-BF4B-00C04F79EFBC}") = "IdentityService.Domain", "backend\shared\identity-service\src\IdentityService.Domain\IdentityService.Domain.csproj", "{D2250C0C-3AA9-E714-F995-251408BAE108}"
EndProject
Project("{FAE04EC0-301F-11D3-BF4B-00C04F79EFBC}") = "IdentityService.Infrastructure", "backend\shared\identity-service\src\IdentityService.Infrastructure\IdentityService.Infrastructure.csproj", "{E8ABE978-D1A4-E521-C745-7BEB4B27DB63}"
EndProject
Global
	GlobalSection(SolutionConfigurationPlatforms) = preSolution
		Debug|Any CPU = Debug|Any CPU
		Release|Any CPU = Release|Any CPU
	EndGlobalSection
	GlobalSection(ProjectConfigurationPlatforms) = postSolution
		{BC17871D-61F9-2EE4-AB0B-CC49F7B3E230}.Debug|Any CPU.ActiveCfg = Debug|Any CPU
		{BC17871D-61F9-2EE4-AB0B-CC49F7B3E230}.Debug|Any CPU.Build.0 = Debug|Any CPU
		{BC17871D-61F9-2EE4-AB0B-CC49F7B3E230}.Release|Any CPU.ActiveCfg = Release|Any CPU
		{BC17871D-61F9-2EE4-AB0B-CC49F7B3E230}.Release|Any CPU.Build.0 = Release|Any CPU
		{D044824E-F093-4EF1-74F5-8A21A26462C2}.Debug|Any CPU.ActiveCfg = Debug|Any CPU
		{D044824E-F093-4EF1-74F5-8A21A26462C2}.Debug|Any CPU.Build.0 = Debug|Any CPU
		{D044824E-F093-4EF1-74F5-8A21A26462C2}.Release|Any CPU.ActiveCfg = Release|Any CPU
		{D044824E-F093-4EF1-74F5-8A21A26462C2}.Release|Any CPU.Build.0 = Release|Any CPU
		{32AE7C83-A8CE-7076-C0C7-5CEFA8995A58}.Debug|Any CPU.ActiveCfg = Debug|Any CPU
		{32AE7C83-A8CE-7076-C0C7-5CEFA8995A58}.Debug|Any CPU.Build.0 = Debug|Any CPU
		{32AE7C83-A8CE-7076-C0C7-5CEFA8995A58}.Release|Any CPU.ActiveCfg = Release|Any CPU
		{32AE7C83-A8CE-7076-C0C7-5CEFA8995A58}.Release|Any CPU.Build.0 = Release|Any CPU
		{BDCB7068-E726-3E48-1C58-EB17F9783FB0}.Debug|Any CPU.ActiveCfg = Debug|Any CPU
		{BDCB7068-E726-3E48-1C58-EB17F9783FB0}.Debug|Any CPU.Build.0 = Debug|Any CPU
		{BDCB7068-E726-3E48-1C58-EB17F9783FB0}.Release|Any CPU.ActiveCfg = Release|Any CPU
		{BDCB7068-E726-3E48-1C58-EB17F9783FB0}.Release|Any CPU.Build.0 = Release|Any CPU
		{293B155A-AB02-74BD-3386-A256527F677F}.Debug|Any CPU.ActiveCfg = Debug|Any CPU
		{293B155A-AB02-74BD-3386-A256527F677F}.Debug|Any CPU.Build.0 = Debug|Any CPU
		{293B155A-AB02-74BD-3386-A256527F677F}.Release|Any CPU.ActiveCfg = Release|Any CPU
		{293B155A-AB02-74BD-3386-A256527F677F}.Release|Any CPU.Build.0 = Release|Any CPU
		{D7DD0D06-0333-8014-6038-D550CE37207D}.Debug|Any CPU.ActiveCfg = Debug|Any CPU
		{D7DD0D06-0333-8014-6038-D550CE37207D}.Debug|Any CPU.Build.0 = Debug|Any CPU
		{D7DD0D06-0333-8014-6038-D550CE37207D}.Release|Any CPU.ActiveCfg = Release|Any CPU
		{D7DD0D06-0333-8014-6038-D550CE37207D}.Release|Any CPU.Build.0 = Release|Any CPU
		{41771AB9-4E49-D152-7C42-ACC260AA97F2}.Debug|Any CPU.ActiveCfg = Debug|Any CPU
		{41771AB9-4E49-D152-7C42-ACC260AA97F2}.Debug|Any CPU.Build.0 = Debug|Any CPU
		{41771AB9-4E49-D152-7C42-ACC260AA97F2}.Release|Any CPU.ActiveCfg = Release|Any CPU
		{41771AB9-4E49-D152-7C42-ACC260AA97F2}.Release|Any CPU.Build.0 = Release|Any CPU
		{49FC3909-6435-0DF9-63E4-7A2812B8ABDF}.Debug|Any CPU.ActiveCfg = Debug|Any CPU
		{49FC3909-6435-0DF9-63E4-7A2812B8ABDF}.Debug|Any CPU.Build.0 = Debug|Any CPU
		{49FC3909-6435-0DF9-63E4-7A2812B8ABDF}.Release|Any CPU.ActiveCfg = Release|Any CPU
		{49FC3909-6435-0DF9-63E4-7A2812B8ABDF}.Release|Any CPU.Build.0 = Release|Any CPU
		{F86DB4CF-7883-759E-6052-D90BB82217C6}.Debug|Any CPU.ActiveCfg = Debug|Any CPU
		{F86DB4CF-7883-759E-6052-D90BB82217C6}.Debug|Any CPU.Build.0 = Debug|Any CPU
		{F86DB4CF-7883-759E-6052-D90BB82217C6}.Release|Any CPU.ActiveCfg = Release|Any CPU
		{F86DB4CF-7883-759E-6052-D90BB82217C6}.Release|Any CPU.Build.0 = Release|Any CPU
		{96BE035B-F0FD-2CFF-DA78-29F97FA4CEBB}.Debug|Any CPU.ActiveCfg = Debug|Any CPU
		{96BE035B-F0FD-2CFF-DA78-29F97FA4CEBB}.Debug|Any CPU.Build.0 = Debug|Any CPU
		{96BE035B-F0FD-2CFF-DA78-29F97FA4CEBB}.Release|Any CPU.ActiveCfg = Release|Any CPU
		{96BE035B-F0FD-2CFF-DA78-29F97FA4CEBB}.Release|Any CPU.Build.0 = Release|Any CPU
		{5D95049E-5845-5073-B980-A4199F471E6A}.Debug|Any CPU.ActiveCfg = Debug|Any CPU
		{5D95049E-5845-5073-B980-A4199F471E6A}.Debug|Any CPU.Build.0 = Debug|Any CPU
		{5D95049E-5845-5073-B980-A4199F471E6A}.Release|Any CPU.ActiveCfg = Release|Any CPU
		{5D95049E-5845-5073-B980-A4199F471E6A}.Release|Any CPU.Build.0 = Release|Any CPU
		{1EF9BA46-123A-6997-63A0-FA933E8BD7F9}.Debug|Any CPU.ActiveCfg = Debug|Any CPU
		{1EF9BA46-123A-6997-63A0-FA933E8BD7F9}.Debug|Any CPU.Build.0 = Debug|Any CPU
		{1EF9BA46-123A-6997-63A0-FA933E8BD7F9}.Release|Any CPU.ActiveCfg = Release|Any CPU
		{1EF9BA46-123A-6997-63A0-FA933E8BD7F9}.Release|Any CPU.Build.0 = Release|Any CPU
		{FE302E35-D867-8191-BA18-DB1B1E6D9849}.Debug|Any CPU.ActiveCfg = Debug|Any CPU
		{FE302E35-D867-8191-BA18-DB1B1E6D9849}.Debug|Any CPU.Build.0 = Debug|Any CPU
		{FE302E35-D867-8191-BA18-DB1B1E6D9849}.Release|Any CPU.ActiveCfg = Release|Any CPU
		{FE302E35-D867-8191-BA18-DB1B1E6D9849}.Release|Any CPU.Build.0 = Release|Any CPU
		{AE58BF06-66D5-D434-0025-EA849FB19C8C}.Debug|Any CPU.ActiveCfg = Debug|Any CPU
		{AE58BF06-66D5-D434-0025-EA849FB19C8C}.Debug|Any CPU.Build.0 = Debug|Any CPU
		{AE58BF06-66D5-D434-0025-EA849FB19C8C}.Release|Any CPU.ActiveCfg = Release|Any CPU
		{AE58BF06-66D5-D434-0025-EA849FB19C8C}.Release|Any CPU.Build.0 = Release|Any CPU
		{03151BF1-ECB5-290A-D734-0D1A583D9B2D}.Debug|Any CPU.ActiveCfg = Debug|Any CPU
		{03151BF1-ECB5-290A-D734-0D1A583D9B2D}.Debug|Any CPU.Build.0 = Debug|Any CPU
		{03151BF1-ECB5-290A-D734-0D1A583D9B2D}.Release|Any CPU.ActiveCfg = Release|Any CPU
		{03151BF1-ECB5-290A-D734-0D1A583D9B2D}.Release|Any CPU.Build.0 = Release|Any CPU
		{8113FD9B-F954-98FA-863D-8D94AE3ABD84}.Debug|Any CPU.ActiveCfg = Debug|Any CPU
		{8113FD9B-F954-98FA-863D-8D94AE3ABD84}.Debug|Any CPU.Build.0 = Debug|Any CPU
		{8113FD9B-F954-98FA-863D-8D94AE3ABD84}.Release|Any CPU.ActiveCfg = Release|Any CPU
		{8113FD9B-F954-98FA-863D-8D94AE3ABD84}.Release|Any CPU.Build.0 = Release|Any CPU
		{82314E51-0C8E-3BE2-D567-082BF5F591CB}.Debug|Any CPU.ActiveCfg = Debug|Any CPU
		{82314E51-0C8E-3BE2-D567-082BF5F591CB}.Debug|Any CPU.Build.0 = Debug|Any CPU
		{82314E51-0C8E-3BE2-D567-082BF5F591CB}.Release|Any CPU.ActiveCfg = Release|Any CPU
		{82314E51-0C8E-3BE2-D567-082BF5F591CB}.Release|Any CPU.Build.0 = Release|Any CPU
		{1E4785A6-13EB-6F45-D25E-1745ECBEF40D}.Debug|Any CPU.ActiveCfg = Debug|Any CPU
		{1E4785A6-13EB-6F45-D25E-1745ECBEF40D}.Debug|Any CPU.Build.0 = Debug|Any CPU
		{1E4785A6-13EB-6F45-D25E-1745ECBEF40D}.Release|Any CPU.ActiveCfg = Release|Any CPU
		{1E4785A6-13EB-6F45-D25E-1745ECBEF40D}.Release|Any CPU.Build.0 = Release|Any CPU
		{38F5FB28-B6C4-9D7A-EFBC-BC89819890DA}.Debug|Any CPU.ActiveCfg = Debug|Any CPU
		{38F5FB28-B6C4-9D7A-EFBC-BC89819890DA}.Debug|Any CPU.Build.0 = Debug|Any CPU
		{38F5FB28-B6C4-9D7A-EFBC-BC89819890DA}.Release|Any CPU.ActiveCfg = Release|Any CPU
		{38F5FB28-B6C4-9D7A-EFBC-BC89819890DA}.Release|Any CPU.Build.0 = Release|Any CPU
		{7CCA90FA-1384-DC70-F0A9-70E4FAADDD18}.Debug|Any CPU.ActiveCfg = Debug|Any CPU
		{7CCA90FA-1384-DC70-F0A9-70E4FAADDD18}.Debug|Any CPU.Build.0 = Debug|Any CPU
		{7CCA90FA-1384-DC70-F0A9-70E4FAADDD18}.Release|Any CPU.ActiveCfg = Release|Any CPU
		{7CCA90FA-1384-DC70-F0A9-70E4FAADDD18}.Release|Any CPU.Build.0 = Release|Any CPU
		{4A0B0BD9-06F9-446E-CE04-AFC4ACB6F859}.Debug|Any CPU.ActiveCfg = Debug|Any CPU
		{4A0B0BD9-06F9-446E-CE04-AFC4ACB6F859}.Debug|Any CPU.Build.0 = Debug|Any CPU
		{4A0B0BD9-06F9-446E-CE04-AFC4ACB6F859}.Release|Any CPU.ActiveCfg = Release|Any CPU
		{4A0B0BD9-06F9-446E-CE04-AFC4ACB6F859}.Release|Any CPU.Build.0 = Release|Any CPU
		{0ADB4C1D-C2BF-36B5-CA93-F7A75BF15EE6}.Debug|Any CPU.ActiveCfg = Debug|Any CPU
		{0ADB4C1D-C2BF-36B5-CA93-F7A75BF15EE6}.Debug|Any CPU.Build.0 = Debug|Any CPU
		{0ADB4C1D-C2BF-36B5-CA93-F7A75BF15EE6}.Release|Any CPU.ActiveCfg = Release|Any CPU
		{0ADB4C1D-C2BF-36B5-CA93-F7A75BF15EE6}.Release|Any CPU.Build.0 = Release|Any CPU
		{49BC0D5C-4944-D96C-D310-A5D1B2F68E5E}.Debug|Any CPU.ActiveCfg = Debug|Any CPU
		{49BC0D5C-4944-D96C-D310-A5D1B2F68E5E}.Debug|Any CPU.Build.0 = Debug|Any CPU
		{49BC0D5C-4944-D96C-D310-A5D1B2F68E5E}.Release|Any CPU.ActiveCfg = Release|Any CPU
		{49BC0D5C-4944-D96C-D310-A5D1B2F68E5E}.Release|Any CPU.Build.0 = Release|Any CPU
		{8D4E8D21-7101-3158-B5A0-53A2829824E8}.Debug|Any CPU.ActiveCfg = Debug|Any CPU
		{8D4E8D21-7101-3158-B5A0-53A2829824E8}.Debug|Any CPU.Build.0 = Debug|Any CPU
		{8D4E8D21-7101-3158-B5A0-53A2829824E8}.Release|Any CPU.ActiveCfg = Release|Any CPU
		{8D4E8D21-7101-3158-B5A0-53A2829824E8}.Release|Any CPU.Build.0 = Release|Any CPU
		{CDE7EE39-F059-3399-B732-1BDC9DB014D8}.Debug|Any CPU.ActiveCfg = Debug|Any CPU
		{CDE7EE39-F059-3399-B732-1BDC9DB014D8}.Debug|Any CPU.Build.0 = Debug|Any CPU
		{CDE7EE39-F059-3399-B732-1BDC9DB014D8}.Release|Any CPU.ActiveCfg = Release|Any CPU
		{CDE7EE39-F059-3399-B732-1BDC9DB014D8}.Release|Any CPU.Build.0 = Release|Any CPU
		{FF3FDE72-A1A4-DD5C-F8A1-CB0DE914886B}.Debug|Any CPU.ActiveCfg = Debug|Any CPU
		{FF3FDE72-A1A4-DD5C-F8A1-CB0DE914886B}.Debug|Any CPU.Build.0 = Debug|Any CPU
		{FF3FDE72-A1A4-DD5C-F8A1-CB0DE914886B}.Release|Any CPU.ActiveCfg = Release|Any CPU
		{FF3FDE72-A1A4-DD5C-F8A1-CB0DE914886B}.Release|Any CPU.Build.0 = Release|Any CPU
		{E6A88433-9037-3A87-F4BA-3ADA44521ED4}.Debug|Any CPU.ActiveCfg = Debug|Any CPU
		{E6A88433-9037-3A87-F4BA-3ADA44521ED4}.Debug|Any CPU.Build.0 = Debug|Any CPU
		{E6A88433-9037-3A87-F4BA-3ADA44521ED4}.Release|Any CPU.ActiveCfg = Release|Any CPU
		{E6A88433-9037-3A87-F4BA-3ADA44521ED4}.Release|Any CPU.Build.0 = Release|Any CPU
		{D2250C0C-3AA9-E714-F995-251408BAE108}.Debug|Any CPU.ActiveCfg = Debug|Any CPU
		{D2250C0C-3AA9-E714-F995-251408BAE108}.Debug|Any CPU.Build.0 = Debug|Any CPU
		{D2250C0C-3AA9-E714-F995-251408BAE108}.Release|Any CPU.ActiveCfg = Release|Any CPU
		{D2250C0C-3AA9-E714-F995-251408BAE108}.Release|Any CPU.Build.0 = Release|Any CPU
		{E8ABE978-D1A4-E521-C745-7BEB4B27DB63}.Debug|Any CPU.ActiveCfg = Debug|Any CPU
		{E8ABE978-D1A4-E521-C745-7BEB4B27DB63}.Debug|Any CPU.Build.0 = Debug|Any CPU
		{E8ABE978-D1A4-E521-C745-7BEB4B27DB63}.Release|Any CPU.ActiveCfg = Release|Any CPU
		{E8ABE978-D1A4-E521-C745-7BEB4B27DB63}.Release|Any CPU.Build.0 = Release|Any CPU
	EndGlobalSection
	GlobalSection(SolutionProperties) = preSolution
		HideSolutionNode = FALSE
	EndGlobalSection
	GlobalSection(NestedProjects) = preSolution
		{AD87A253-43E2-AAC9-1B7F-F9886CA7F233} = {1AE8ACA6-933B-BF2A-3671-3E2EAC007D16}
		{944136B1-D1D4-38A0-6B54-B62B7B33FE5F} = {AD87A253-43E2-AAC9-1B7F-F9886CA7F233}
		{BEA1B544-6196-2AA8-A088-9F69A5C9F74A} = {944136B1-D1D4-38A0-6B54-B62B7B33FE5F}
		{BC17871D-61F9-2EE4-AB0B-CC49F7B3E230} = {BEA1B544-6196-2AA8-A088-9F69A5C9F74A}
		{D044824E-F093-4EF1-74F5-8A21A26462C2} = {BEA1B544-6196-2AA8-A088-9F69A5C9F74A}
		{32AE7C83-A8CE-7076-C0C7-5CEFA8995A58} = {BEA1B544-6196-2AA8-A088-9F69A5C9F74A}
		{BDCB7068-E726-3E48-1C58-EB17F9783FB0} = {BEA1B544-6196-2AA8-A088-9F69A5C9F74A}
		{CAF1FDEA-2F5F-346D-73A3-55A54A5D1929} = {AD87A253-43E2-AAC9-1B7F-F9886CA7F233}
		{2C5FC38E-BC5C-4758-4A71-E9A058E74E70} = {CAF1FDEA-2F5F-346D-73A3-55A54A5D1929}
		{293B155A-AB02-74BD-3386-A256527F677F} = {2C5FC38E-BC5C-4758-4A71-E9A058E74E70}
		{D7DD0D06-0333-8014-6038-D550CE37207D} = {2C5FC38E-BC5C-4758-4A71-E9A058E74E70}
		{41771AB9-4E49-D152-7C42-ACC260AA97F2} = {2C5FC38E-BC5C-4758-4A71-E9A058E74E70}
		{49FC3909-6435-0DF9-63E4-7A2812B8ABDF} = {2C5FC38E-BC5C-4758-4A71-E9A058E74E70}
		{50AB72C3-F67C-DE62-D8D0-DF2A2A20B828} = {AD87A253-43E2-AAC9-1B7F-F9886CA7F233}
		{E9D3AFCD-CD49-13FA-EAC2-0097CA64F9B1} = {50AB72C3-F67C-DE62-D8D0-DF2A2A20B828}
		{F86DB4CF-7883-759E-6052-D90BB82217C6} = {E9D3AFCD-CD49-13FA-EAC2-0097CA64F9B1}
		{96BE035B-F0FD-2CFF-DA78-29F97FA4CEBB} = {E9D3AFCD-CD49-13FA-EAC2-0097CA64F9B1}
		{5D95049E-5845-5073-B980-A4199F471E6A} = {E9D3AFCD-CD49-13FA-EAC2-0097CA64F9B1}
		{1EF9BA46-123A-6997-63A0-FA933E8BD7F9} = {E9D3AFCD-CD49-13FA-EAC2-0097CA64F9B1}
		{DA5996C4-A670-5879-F0D2-40277D2BAA8D} = {1AE8ACA6-933B-BF2A-3671-3E2EAC007D16}
		{E2D8F0CB-FAEE-4BA5-8CEA-2BC0E878BF09} = {DA5996C4-A670-5879-F0D2-40277D2BAA8D}
		{F1DF4DC3-9750-B496-29ED-81295EA5C200} = {E2D8F0CB-FAEE-4BA5-8CEA-2BC0E878BF09}
		{FE302E35-D867-8191-BA18-DB1B1E6D9849} = {F1DF4DC3-9750-B496-29ED-81295EA5C200}
		{AE58BF06-66D5-D434-0025-EA849FB19C8C} = {F1DF4DC3-9750-B496-29ED-81295EA5C200}
		{03151BF1-ECB5-290A-D734-0D1A583D9B2D} = {F1DF4DC3-9750-B496-29ED-81295EA5C200}
		{8113FD9B-F954-98FA-863D-8D94AE3ABD84} = {F1DF4DC3-9750-B496-29ED-81295EA5C200}
		{B8C7B658-52D4-5A93-5298-C53A992B6176} = {DA5996C4-A670-5879-F0D2-40277D2BAA8D}
		{6FC7F1B4-30CD-D588-670E-90CA945BFACE} = {B8C7B658-52D4-5A93-5298-C53A992B6176}
		{82314E51-0C8E-3BE2-D567-082BF5F591CB} = {6FC7F1B4-30CD-D588-670E-90CA945BFACE}
		{1E4785A6-13EB-6F45-D25E-1745ECBEF40D} = {6FC7F1B4-30CD-D588-670E-90CA945BFACE}
		{38F5FB28-B6C4-9D7A-EFBC-BC89819890DA} = {6FC7F1B4-30CD-D588-670E-90CA945BFACE}
		{7CCA90FA-1384-DC70-F0A9-70E4FAADDD18} = {6FC7F1B4-30CD-D588-670E-90CA945BFACE}
		{AD83F7D2-D84A-1C04-0378-C066C0204D05} = {DA5996C4-A670-5879-F0D2-40277D2BAA8D}
		{7D7CD340-C107-AA04-CCDF-4F17EF166379} = {AD83F7D2-D84A-1C04-0378-C066C0204D05}
		{4A0B0BD9-06F9-446E-CE04-AFC4ACB6F859} = {7D7CD340-C107-AA04-CCDF-4F17EF166379}
		{0ADB4C1D-C2BF-36B5-CA93-F7A75BF15EE6} = {7D7CD340-C107-AA04-CCDF-4F17EF166379}
		{49BC0D5C-4944-D96C-D310-A5D1B2F68E5E} = {7D7CD340-C107-AA04-CCDF-4F17EF166379}
		{8D4E8D21-7101-3158-B5A0-53A2829824E8} = {7D7CD340-C107-AA04-CCDF-4F17EF166379}
		{2D4356F1-204C-B19B-1C87-BE8478EC1E77} = {1AE8ACA6-933B-BF2A-3671-3E2EAC007D16}
		{3C8D102A-A004-53C3-3537-6A424CCF2B93} = {2D4356F1-204C-B19B-1C87-BE8478EC1E77}
		{AFDB0B0F-8A04-E5CB-9D2C-8F427B1A3395} = {3C8D102A-A004-53C3-3537-6A424CCF2B93}
		{CDE7EE39-F059-3399-B732-1BDC9DB014D8} = {AFDB0B0F-8A04-E5CB-9D2C-8F427B1A3395}
		{B9B6650B-7025-C9C0-BCFD-BDEDF1640D80} = {1AE8ACA6-933B-BF2A-3671-3E2EAC007D16}
		{2B9E7DBD-0B06-B42C-D011-856C0D1E3C8B} = {B9B6650B-7025-C9C0-BCFD-BDEDF1640D80}
		{F56B9572-F418-83F2-B6D4-04C7D8FDE85E} = {2B9E7DBD-0B06-B42C-D011-856C0D1E3C8B}
		{FF3FDE72-A1A4-DD5C-F8A1-CB0DE914886B} = {F56B9572-F418-83F2-B6D4-04C7D8FDE85E}
		{E6A88433-9037-3A87-F4BA-3ADA44521ED4} = {F56B9572-F418-83F2-B6D4-04C7D8FDE85E}
		{D2250C0C-3AA9-E714-F995-251408BAE108} = {F56B9572-F418-83F2-B6D4-04C7D8FDE85E}
		{E8ABE978-D1A4-E521-C745-7BEB4B27DB63} = {F56B9572-F418-83F2-B6D4-04C7D8FDE85E}
	EndGlobalSection
	GlobalSection(ExtensibilityGlobals) = postSolution
		SolutionGuid = {54A41EB4-948E-4B6F-AE63-6D8531575587}
	EndGlobalSection
EndGlobal
